
Microsoft Visual Studio Solution File, Format Version 12.00
# Visual Studio Version 17
VisualStudioVersion = 17.0.31717.71
MinimumVisualStudioVersion = 10.0.40219.1
Project("{FAE04EC0-301F-11D3-BF4B-00C04F79EFBC}") = "CurrencyWPF", "CurrencyWPF\CurrencyWPF.csproj", "{7EF858DA-66EA-4BF0-AC99-EF9F25A58FF2}"
EndProject
Global
	GlobalSection(SolutionConfigurationPlatforms) = preSolution
		Debug|Any CPU = Debug|Any CPU
		Release|Any CPU = Release|Any CPU
	EndGlobalSection
	GlobalSection(ProjectConfigurationPlatforms) = postSolution
		{7EF858DA-66EA-4BF0-AC99-EF9F25A58FF2}.Debug|Any CPU.ActiveCfg = Debug|Any CPU
		{7EF858DA-66EA-4BF0-AC99-EF9F25A58FF2}.Debug|Any CPU.Build.0 = Debug|Any CPU
		{7EF858DA-66EA-4BF0-AC99-EF9F25A58FF2}.Release|Any CPU.ActiveCfg = Release|Any CPU
		{7EF858DA-66EA-4BF0-AC99-EF9F25A58FF2}.Release|Any CPU.Build.0 = Release|Any CPU
	EndGlobalSection
	GlobalSection(SolutionProperties) = preSolution
		HideSolutionNode = FALSE
	EndGlobalSection
	GlobalSection(ExtensibilityGlobals) = postSolution
		SolutionGuid = {4827634A-D614-426E-9A5A-360131828B86}
	EndGlobalSection
EndGlobal
